// !$*UTF8*$!
{
	archiveVersion = 1;
	classes = {
	};
	objectVersion = 56;
	objects = {

/* Begin PBXBuildFile section */
		28457E062A1BB35900FE11B1 /* DateViewController.swift in Sources */ = {isa = PBXBuildFile; fileRef = 28457E052A1BB35900FE11B1 /* DateViewController.swift */; };
		289108A82A07C98500173353 /* AppDelegate.swift in Sources */ = {isa = PBXBuildFile; fileRef = 289108A72A07C98500173353 /* AppDelegate.swift */; };
		289108AA2A07C98500173353 /* SceneDelegate.swift in Sources */ = {isa = PBXBuildFile; fileRef = 289108A92A07C98500173353 /* SceneDelegate.swift */; };
		289108AC2A07C98500173353 /* MainPageController.swift in Sources */ = {isa = PBXBuildFile; fileRef = 289108AB2A07C98500173353 /* MainPageController.swift */; };
		289108AF2A07C98500173353 /* Main.storyboard in Resources */ = {isa = PBXBuildFile; fileRef = 289108AD2A07C98500173353 /* Main.storyboard */; };
		289108B12A07C98600173353 /* Assets.xcassets in Resources */ = {isa = PBXBuildFile; fileRef = 289108B02A07C98600173353 /* Assets.xcassets */; };
		289108B42A07C98600173353 /* LaunchScreen.storyboard in Resources */ = {isa = PBXBuildFile; fileRef = 289108B22A07C98600173353 /* LaunchScreen.storyboard */; };
		28FB19C32A12DE80006719B5 /* Customer.swift in Sources */ = {isa = PBXBuildFile; fileRef = 28FB19C22A12DE80006719B5 /* Customer.swift */; };
		28FB19C52A12DF13006719B5 /* BookingViewController.swift in Sources */ = {isa = PBXBuildFile; fileRef = 28FB19C42A12DF13006719B5 /* BookingViewController.swift */; };
		28FB19C72A12E82E006719B5 /* CustomerDetailViewController.swift in Sources */ = {isa = PBXBuildFile; fileRef = 28FB19C62A12E82E006719B5 /* CustomerDetailViewController.swift */; };
		28FB19CB2A12FC83006719B5 /* ConfirmViewController.swift in Sources */ = {isa = PBXBuildFile; fileRef = 28FB19CA2A12FC83006719B5 /* ConfirmViewController.swift */; };
		CAACAAB62A0A0E6E007B90C2 /* Model.swift in Sources */ = {isa = PBXBuildFile; fileRef = CAACAAB52A0A0E6E007B90C2 /* Model.swift */; };
		D01B1A733945C44E30B1EC69 /* Pods_iOS_Assignment3.framework in Frameworks */ = {isa = PBXBuildFile; fileRef = D54EFD3BF995360EF99B9595 /* Pods_iOS_Assignment3.framework */; };
/* End PBXBuildFile section */

/* Begin PBXCopyFilesBuildPhase section */
		28535B822A13659700A5E273 /* Embed Frameworks */ = {
			isa = PBXCopyFilesBuildPhase;
			buildActionMask = 2147483647;
			dstPath = "";
			dstSubfolderSpec = 10;
			files = (
			);
			name = "Embed Frameworks";
			runOnlyForDeploymentPostprocessing = 0;
		};
/* End PBXCopyFilesBuildPhase section */

/* Begin PBXFileReference section */
		28457E052A1BB35900FE11B1 /* DateViewController.swift */ = {isa = PBXFileReference; lastKnownFileType = sourcecode.swift; path = DateViewController.swift; sourceTree = "<group>"; };
		289108A42A07C98500173353 /* iOS_Assignment3.app */ = {isa = PBXFileReference; explicitFileType = wrapper.application; includeInIndex = 0; path = iOS_Assignment3.app; sourceTree = BUILT_PRODUCTS_DIR; };
		289108A72A07C98500173353 /* AppDelegate.swift */ = {isa = PBXFileReference; lastKnownFileType = sourcecode.swift; path = AppDelegate.swift; sourceTree = "<group>"; };
		289108A92A07C98500173353 /* SceneDelegate.swift */ = {isa = PBXFileReference; lastKnownFileType = sourcecode.swift; path = SceneDelegate.swift; sourceTree = "<group>"; };
		289108AB2A07C98500173353 /* MainPageController.swift */ = {isa = PBXFileReference; lastKnownFileType = sourcecode.swift; path = MainPageController.swift; sourceTree = "<group>"; };
		289108AE2A07C98500173353 /* Base */ = {isa = PBXFileReference; lastKnownFileType = file.storyboard; name = Base; path = Base.lproj/Main.storyboard; sourceTree = "<group>"; };
		289108B02A07C98600173353 /* Assets.xcassets */ = {isa = PBXFileReference; lastKnownFileType = folder.assetcatalog; path = Assets.xcassets; sourceTree = "<group>"; };
		289108B32A07C98600173353 /* Base */ = {isa = PBXFileReference; lastKnownFileType = file.storyboard; name = Base; path = Base.lproj/LaunchScreen.storyboard; sourceTree = "<group>"; };
		289108B52A07C98600173353 /* Info.plist */ = {isa = PBXFileReference; lastKnownFileType = text.plist.xml; path = Info.plist; sourceTree = "<group>"; };
		28FB19C22A12DE80006719B5 /* Customer.swift */ = {isa = PBXFileReference; lastKnownFileType = sourcecode.swift; path = Customer.swift; sourceTree = "<group>"; };
		28FB19C42A12DF13006719B5 /* BookingViewController.swift */ = {isa = PBXFileReference; lastKnownFileType = sourcecode.swift; path = BookingViewController.swift; sourceTree = "<group>"; };
		28FB19C62A12E82E006719B5 /* CustomerDetailViewController.swift */ = {isa = PBXFileReference; lastKnownFileType = sourcecode.swift; path = CustomerDetailViewController.swift; sourceTree = "<group>"; };
		28FB19CA2A12FC83006719B5 /* ConfirmViewController.swift */ = {isa = PBXFileReference; lastKnownFileType = sourcecode.swift; path = ConfirmViewController.swift; sourceTree = "<group>"; };
		5983A063E80C499E8D6E95D3 /* Pods-iOS_Assignment3.release.xcconfig */ = {isa = PBXFileReference; includeInIndex = 1; lastKnownFileType = text.xcconfig; name = "Pods-iOS_Assignment3.release.xcconfig"; path = "Target Support Files/Pods-iOS_Assignment3/Pods-iOS_Assignment3.release.xcconfig"; sourceTree = "<group>"; };
		99E05D4BBF1DDDA47102A02E /* Pods-iOS_Assignment3.debug.xcconfig */ = {isa = PBXFileReference; includeInIndex = 1; lastKnownFileType = text.xcconfig; name = "Pods-iOS_Assignment3.debug.xcconfig"; path = "Target Support Files/Pods-iOS_Assignment3/Pods-iOS_Assignment3.debug.xcconfig"; sourceTree = "<group>"; };
		CAACAAB52A0A0E6E007B90C2 /* Model.swift */ = {isa = PBXFileReference; lastKnownFileType = sourcecode.swift; path = Model.swift; sourceTree = "<group>"; };
		D54EFD3BF995360EF99B9595 /* Pods_iOS_Assignment3.framework */ = {isa = PBXFileReference; explicitFileType = wrapper.framework; includeInIndex = 0; path = Pods_iOS_Assignment3.framework; sourceTree = BUILT_PRODUCTS_DIR; };
/* End PBXFileReference section */

/* Begin PBXFrameworksBuildPhase section */
		289108A12A07C98500173353 /* Frameworks */ = {
			isa = PBXFrameworksBuildPhase;
			buildActionMask = 2147483647;
			files = (
				D01B1A733945C44E30B1EC69 /* Pods_iOS_Assignment3.framework in Frameworks */,
			);
			runOnlyForDeploymentPostprocessing = 0;
		};
/* End PBXFrameworksBuildPhase section */

/* Begin PBXGroup section */
		28535B7E2A13659700A5E273 /* Frameworks */ = {
			isa = PBXGroup;
			children = (
				D54EFD3BF995360EF99B9595 /* Pods_iOS_Assignment3.framework */,
			);
			name = Frameworks;
			sourceTree = "<group>";
		};
		2891089B2A07C98500173353 = {
			isa = PBXGroup;
			children = (
				289108A62A07C98500173353 /* iOS_Assignment3 */,
				289108A52A07C98500173353 /* Products */,
				28535B7E2A13659700A5E273 /* Frameworks */,
				381D8019695D992E4274966D /* Pods */,
			);
			sourceTree = "<group>";
		};
		289108A52A07C98500173353 /* Products */ = {
			isa = PBXGroup;
			children = (
				289108A42A07C98500173353 /* iOS_Assignment3.app */,
			);
			name = Products;
			sourceTree = "<group>";
		};
		289108A62A07C98500173353 /* iOS_Assignment3 */ = {
			isa = PBXGroup;
			children = (
				CAACAAB42A0A0E22007B90C2 /* Model */,
				CAACAAB32A0A0E1A007B90C2 /* Controller */,
				CAACAAB12A0A0E04007B90C2 /* View */,
				289108A92A07C98500173353 /* SceneDelegate.swift */,
				289108B02A07C98600173353 /* Assets.xcassets */,
				289108B22A07C98600173353 /* LaunchScreen.storyboard */,
				289108B52A07C98600173353 /* Info.plist */,
				289108A72A07C98500173353 /* AppDelegate.swift */,
			);
			path = iOS_Assignment3;
			sourceTree = "<group>";
		};
		381D8019695D992E4274966D /* Pods */ = {
			isa = PBXGroup;
			children = (
				99E05D4BBF1DDDA47102A02E /* Pods-iOS_Assignment3.debug.xcconfig */,
				5983A063E80C499E8D6E95D3 /* Pods-iOS_Assignment3.release.xcconfig */,
			);
			path = Pods;
			sourceTree = "<group>";
		};
		CAACAAB12A0A0E04007B90C2 /* View */ = {
			isa = PBXGroup;
			children = (
				289108AD2A07C98500173353 /* Main.storyboard */,
			);
			path = View;
			sourceTree = "<group>";
		};
		CAACAAB32A0A0E1A007B90C2 /* Controller */ = {
			isa = PBXGroup;
			children = (
				289108AB2A07C98500173353 /* MainPageController.swift */,
				28FB19C42A12DF13006719B5 /* BookingViewController.swift */,
				28FB19C62A12E82E006719B5 /* CustomerDetailViewController.swift */,
				28FB19CA2A12FC83006719B5 /* ConfirmViewController.swift */,
				28457E052A1BB35900FE11B1 /* DateViewController.swift */,
			);
			path = Controller;
			sourceTree = "<group>";
		};
		CAACAAB42A0A0E22007B90C2 /* Model */ = {
			isa = PBXGroup;
			children = (
				CAACAAB52A0A0E6E007B90C2 /* Model.swift */,
				28FB19C22A12DE80006719B5 /* Customer.swift */,
			);
			path = Model;
			sourceTree = "<group>";
		};
/* End PBXGroup section */

/* Begin PBXNativeTarget section */
		289108A32A07C98500173353 /* iOS_Assignment3 */ = {
			isa = PBXNativeTarget;
			buildConfigurationList = 289108B82A07C98600173353 /* Build configuration list for PBXNativeTarget "iOS_Assignment3" */;
			buildPhases = (
				A12F3F861C4DBF292918E4CC /* [CP] Check Pods Manifest.lock */,
				289108A02A07C98500173353 /* Sources */,
				289108A12A07C98500173353 /* Frameworks */,
				289108A22A07C98500173353 /* Resources */,
				28535B822A13659700A5E273 /* Embed Frameworks */,
				686BDEED167F8240916A99F5 /* [CP] Embed Pods Frameworks */,
			);
			buildRules = (
			);
			dependencies = (
			);
			name = iOS_Assignment3;
			productName = iOS_Assignment3;
			productReference = 289108A42A07C98500173353 /* iOS_Assignment3.app */;
			productType = "com.apple.product-type.application";
		};
/* End PBXNativeTarget section */

/* Begin PBXProject section */
		2891089C2A07C98500173353 /* Project object */ = {
			isa = PBXProject;
			attributes = {
				BuildIndependentTargetsInParallel = 1;
				LastSwiftUpdateCheck = 1430;
				LastUpgradeCheck = 1430;
				TargetAttributes = {
					289108A32A07C98500173353 = {
						CreatedOnToolsVersion = 14.3;
					};
				};
			};
			buildConfigurationList = 2891089F2A07C98500173353 /* Build configuration list for PBXProject "iOS_Assignment3" */;
			compatibilityVersion = "Xcode 14.0";
			developmentRegion = en;
			hasScannedForEncodings = 0;
			knownRegions = (
				en,
				Base,
			);
			mainGroup = 2891089B2A07C98500173353;
			productRefGroup = 289108A52A07C98500173353 /* Products */;
			projectDirPath = "";
			projectRoot = "";
			targets = (
				289108A32A07C98500173353 /* iOS_Assignment3 */,
			);
		};
/* End PBXProject section */

/* Begin PBXResourcesBuildPhase section */
		289108A22A07C98500173353 /* Resources */ = {
			isa = PBXResourcesBuildPhase;
			buildActionMask = 2147483647;
			files = (
				289108B42A07C98600173353 /* LaunchScreen.storyboard in Resources */,
				289108B12A07C98600173353 /* Assets.xcassets in Resources */,
				289108AF2A07C98500173353 /* Main.storyboard in Resources */,
			);
			runOnlyForDeploymentPostprocessing = 0;
		};
/* End PBXResourcesBuildPhase section */

/* Begin PBXShellScriptBuildPhase section */
		686BDEED167F8240916A99F5 /* [CP] Embed Pods Frameworks */ = {
			isa = PBXShellScriptBuildPhase;
			buildActionMask = 2147483647;
			files = (
			);
			inputFileListPaths = (
				"${PODS_ROOT}/Target Support Files/Pods-iOS_Assignment3/Pods-iOS_Assignment3-frameworks-${CONFIGURATION}-input-files.xcfilelist",
			);
			name = "[CP] Embed Pods Frameworks";
			outputFileListPaths = (
				"${PODS_ROOT}/Target Support Files/Pods-iOS_Assignment3/Pods-iOS_Assignment3-frameworks-${CONFIGURATION}-output-files.xcfilelist",
			);
			runOnlyForDeploymentPostprocessing = 0;
			shellPath = /bin/sh;
			shellScript = "\"${PODS_ROOT}/Target Support Files/Pods-iOS_Assignment3/Pods-iOS_Assignment3-frameworks.sh\"\n";
			showEnvVarsInLog = 0;
		};
		A12F3F861C4DBF292918E4CC /* [CP] Check Pods Manifest.lock */ = {
			isa = PBXShellScriptBuildPhase;
			buildActionMask = 2147483647;
			files = (
			);
			inputFileListPaths = (
			);
			inputPaths = (
				"${PODS_PODFILE_DIR_PATH}/Podfile.lock",
				"${PODS_ROOT}/Manifest.lock",
			);
			name = "[CP] Check Pods Manifest.lock";
			outputFileListPaths = (
			);
			outputPaths = (
				"$(DERIVED_FILE_DIR)/Pods-iOS_Assignment3-checkManifestLockResult.txt",
			);
			runOnlyForDeploymentPostprocessing = 0;
			shellPath = /bin/sh;
			shellScript = "diff \"${PODS_PODFILE_DIR_PATH}/Podfile.lock\" \"${PODS_ROOT}/Manifest.lock\" > /dev/null\nif [ $? != 0 ] ; then\n    # print error to STDERR\n    echo \"error: The sandbox is not in sync with the Podfile.lock. Run 'pod install' or update your CocoaPods installation.\" >&2\n    exit 1\nfi\n# This output is used by Xcode 'outputs' to avoid re-running this script phase.\necho \"SUCCESS\" > \"${SCRIPT_OUTPUT_FILE_0}\"\n";
			showEnvVarsInLog = 0;
		};
/* End PBXShellScriptBuildPhase section */

/* Begin PBXSourcesBuildPhase section */
		289108A02A07C98500173353 /* Sources */ = {
			isa = PBXSourcesBuildPhase;
			buildActionMask = 2147483647;
			files = (
				28FB19CB2A12FC83006719B5 /* ConfirmViewController.swift in Sources */,
				28FB19C52A12DF13006719B5 /* BookingViewController.swift in Sources */,
				289108AC2A07C98500173353 /* MainPageController.swift in Sources */,
				28FB19C32A12DE80006719B5 /* Customer.swift in Sources */,
				289108A82A07C98500173353 /* AppDelegate.swift in Sources */,
				289108AA2A07C98500173353 /* SceneDelegate.swift in Sources */,
				CAACAAB62A0A0E6E007B90C2 /* Model.swift in Sources */,
				28457E062A1BB35900FE11B1 /* DateViewController.swift in Sources */,
				28FB19C72A12E82E006719B5 /* CustomerDetailViewController.swift in Sources */,
			);
			runOnlyForDeploymentPostprocessing = 0;
		};
/* End PBXSourcesBuildPhase section */

/* Begin PBXVariantGroup section */
		289108AD2A07C98500173353 /* Main.storyboard */ = {
			isa = PBXVariantGroup;
			children = (
				289108AE2A07C98500173353 /* Base */,
			);
			name = Main.storyboard;
			sourceTree = "<group>";
		};
		289108B22A07C98600173353 /* LaunchScreen.storyboard */ = {
			isa = PBXVariantGroup;
			children = (
				289108B32A07C98600173353 /* Base */,
			);
			name = LaunchScreen.storyboard;
			sourceTree = "<group>";
		};
/* End PBXVariantGroup section */

/* Begin XCBuildConfiguration section */
		289108B62A07C98600173353 /* Debug */ = {
			isa = XCBuildConfiguration;
			buildSettings = {
				ALWAYS_SEARCH_USER_PATHS = NO;
				CLANG_ANALYZER_NONNULL = YES;
				CLANG_ANALYZER_NUMBER_OBJECT_CONVERSION = YES_AGGRESSIVE;
				CLANG_CXX_LANGUAGE_STANDARD = "gnu++20";
				CLANG_ENABLE_MODULES = YES;
				CLANG_ENABLE_OBJC_ARC = YES;
				CLANG_ENABLE_OBJC_WEAK = YES;
				CLANG_WARN_BLOCK_CAPTURE_AUTORELEASING = YES;
				CLANG_WARN_BOOL_CONVERSION = YES;
				CLANG_WARN_COMMA = YES;
				CLANG_WARN_CONSTANT_CONVERSION = YES;
				CLANG_WARN_DEPRECATED_OBJC_IMPLEMENTATIONS = YES;
				CLANG_WARN_DIRECT_OBJC_ISA_USAGE = YES_ERROR;
				CLANG_WARN_DOCUMENTATION_COMMENTS = YES;
				CLANG_WARN_EMPTY_BODY = YES;
				CLANG_WARN_ENUM_CONVERSION = YES;
				CLANG_WARN_INFINITE_RECURSION = YES;
				CLANG_WARN_INT_CONVERSION = YES;
				CLANG_WARN_NON_LITERAL_NULL_CONVERSION = YES;
				CLANG_WARN_OBJC_IMPLICIT_RETAIN_SELF = YES;
				CLANG_WARN_OBJC_LITERAL_CONVERSION = YES;
				CLANG_WARN_OBJC_ROOT_CLASS = YES_ERROR;
				CLANG_WARN_QUOTED_INCLUDE_IN_FRAMEWORK_HEADER = YES;
				CLANG_WARN_RANGE_LOOP_ANALYSIS = YES;
				CLANG_WARN_STRICT_PROTOTYPES = YES;
				CLANG_WARN_SUSPICIOUS_MOVE = YES;
				CLANG_WARN_UNGUARDED_AVAILABILITY = YES_AGGRESSIVE;
				CLANG_WARN_UNREACHABLE_CODE = YES;
				CLANG_WARN__DUPLICATE_METHOD_MATCH = YES;
				COPY_PHASE_STRIP = NO;
				DEBUG_INFORMATION_FORMAT = dwarf;
				ENABLE_STRICT_OBJC_MSGSEND = YES;
				ENABLE_TESTABILITY = YES;
				GCC_C_LANGUAGE_STANDARD = gnu11;
				GCC_DYNAMIC_NO_PIC = NO;
				GCC_NO_COMMON_BLOCKS = YES;
				GCC_OPTIMIZATION_LEVEL = 0;
				GCC_PREPROCESSOR_DEFINITIONS = (
					"DEBUG=1",
					"$(inherited)",
				);
				GCC_WARN_64_TO_32_BIT_CONVERSION = YES;
				GCC_WARN_ABOUT_RETURN_TYPE = YES_ERROR;
				GCC_WARN_UNDECLARED_SELECTOR = YES;
				GCC_WARN_UNINITIALIZED_AUTOS = YES_AGGRESSIVE;
				GCC_WARN_UNUSED_FUNCTION = YES;
				GCC_WARN_UNUSED_VARIABLE = YES;
				IPHONEOS_DEPLOYMENT_TARGET = 16.4;
				MTL_ENABLE_DEBUG_INFO = INCLUDE_SOURCE;
				MTL_FAST_MATH = YES;
				ONLY_ACTIVE_ARCH = YES;
				SDKROOT = iphoneos;
				SWIFT_ACTIVE_COMPILATION_CONDITIONS = DEBUG;
				SWIFT_OPTIMIZATION_LEVEL = "-Onone";
			};
			name = Debug;
		};
		289108B72A07C98600173353 /* Release */ = {
			isa = XCBuildConfiguration;
			buildSettings = {
				ALWAYS_SEARCH_USER_PATHS = NO;
				CLANG_ANALYZER_NONNULL = YES;
				CLANG_ANALYZER_NUMBER_OBJECT_CONVERSION = YES_AGGRESSIVE;
				CLANG_CXX_LANGUAGE_STANDARD = "gnu++20";
				CLANG_ENABLE_MODULES = YES;
				CLANG_ENABLE_OBJC_ARC = YES;
				CLANG_ENABLE_OBJC_WEAK = YES;
				CLANG_WARN_BLOCK_CAPTURE_AUTORELEASING = YES;
				CLANG_WARN_BOOL_CONVERSION = YES;
				CLANG_WARN_COMMA = YES;
				CLANG_WARN_CONSTANT_CONVERSION = YES;
				CLANG_WARN_DEPRECATED_OBJC_IMPLEMENTATIONS = YES;
				CLANG_WARN_DIRECT_OBJC_ISA_USAGE = YES_ERROR;
				CLANG_WARN_DOCUMENTATION_COMMENTS = YES;
				CLANG_WARN_EMPTY_BODY = YES;
				CLANG_WARN_ENUM_CONVERSION = YES;
				CLANG_WARN_INFINITE_RECURSION = YES;
				CLANG_WARN_INT_CONVERSION = YES;
				CLANG_WARN_NON_LITERAL_NULL_CONVERSION = YES;
				CLANG_WARN_OBJC_IMPLICIT_RETAIN_SELF = YES;
				CLANG_WARN_OBJC_LITERAL_CONVERSION = YES;
				CLANG_WARN_OBJC_ROOT_CLASS = YES_ERROR;
				CLANG_WARN_QUOTED_INCLUDE_IN_FRAMEWORK_HEADER = YES;
				CLANG_WARN_RANGE_LOOP_ANALYSIS = YES;
				CLANG_WARN_STRICT_PROTOTYPES = YES;
				CLANG_WARN_SUSPICIOUS_MOVE = YES;
				CLANG_WARN_UNGUARDED_AVAILABILITY = YES_AGGRESSIVE;
				CLANG_WARN_UNREACHABLE_CODE = YES;
				CLANG_WARN__DUPLICATE_METHOD_MATCH = YES;
				COPY_PHASE_STRIP = NO;
				DEBUG_INFORMATION_FORMAT = "dwarf-with-dsym";
				ENABLE_NS_ASSERTIONS = NO;
				ENABLE_STRICT_OBJC_MSGSEND = YES;
				GCC_C_LANGUAGE_STANDARD = gnu11;
				GCC_NO_COMMON_BLOCKS = YES;
				GCC_WARN_64_TO_32_BIT_CONVERSION = YES;
				GCC_WARN_ABOUT_RETURN_TYPE = YES_ERROR;
				GCC_WARN_UNDECLARED_SELECTOR = YES;
				GCC_WARN_UNINITIALIZED_AUTOS = YES_AGGRESSIVE;
				GCC_WARN_UNUSED_FUNCTION = YES;
				GCC_WARN_UNUSED_VARIABLE = YES;
				IPHONEOS_DEPLOYMENT_TARGET = 16.4;
				MTL_ENABLE_DEBUG_INFO = NO;
				MTL_FAST_MATH = YES;
				SDKROOT = iphoneos;
				SWIFT_COMPILATION_MODE = wholemodule;
				SWIFT_OPTIMIZATION_LEVEL = "-O";
				VALIDATE_PRODUCT = YES;
			};
			name = Release;
		};
		289108B92A07C98600173353 /* Debug */ = {
			isa = XCBuildConfiguration;
			baseConfigurationReference = 99E05D4BBF1DDDA47102A02E /* Pods-iOS_Assignment3.debug.xcconfig */;
			buildSettings = {
				ASSETCATALOG_COMPILER_APPICON_NAME = AppIcon;
				ASSETCATALOG_COMPILER_GLOBAL_ACCENT_COLOR_NAME = AccentColor;
				CODE_SIGN_STYLE = Automatic;
				CURRENT_PROJECT_VERSION = 1;
				FRAMEWORK_SEARCH_PATHS = (
					"$(inherited)",
					"$(PROJECT_DIR)/OHMySQL/lib/MySQL.xcframework/ios-arm64",
				);
				GENERATE_INFOPLIST_FILE = YES;
				INFOPLIST_FILE = iOS_Assignment3/Info.plist;
				INFOPLIST_KEY_UIApplicationSupportsIndirectInputEvents = YES;
				INFOPLIST_KEY_UILaunchStoryboardName = LaunchScreen;
				INFOPLIST_KEY_UIMainStoryboardFile = Main;
				INFOPLIST_KEY_UISupportedInterfaceOrientations_iPad = "UIInterfaceOrientationPortrait UIInterfaceOrientationPortraitUpsideDown UIInterfaceOrientationLandscapeLeft UIInterfaceOrientationLandscapeRight";
				INFOPLIST_KEY_UISupportedInterfaceOrientations_iPhone = "UIInterfaceOrientationPortrait UIInterfaceOrientationLandscapeLeft UIInterfaceOrientationLandscapeRight";
				LD_RUNPATH_SEARCH_PATHS = (
					"$(inherited)",
					"@executable_path/Frameworks",
				);
				MARKETING_VERSION = 1.0;
				PRODUCT_BUNDLE_IDENTIFIER = "au.edu.uts.iOS-Assignment3";
				PRODUCT_NAME = "$(TARGET_NAME)";
				SWIFT_EMIT_LOC_STRINGS = YES;
				SWIFT_VERSION = 5.0;
				TARGETED_DEVICE_FAMILY = "1,2";
			};
			name = Debug;
		};
		289108BA2A07C98600173353 /* Release */ = {
			isa = XCBuildConfiguration;
			baseConfigurationReference = 5983A063E80C499E8D6E95D3 /* Pods-iOS_Assignment3.release.xcconfig */;
			buildSettings = {
				ASSETCATALOG_COMPILER_APPICON_NAME = AppIcon;
				ASSETCATALOG_COMPILER_GLOBAL_ACCENT_COLOR_NAME = AccentColor;
				CODE_SIGN_STYLE = Automatic;
				CURRENT_PROJECT_VERSION = 1;
				FRAMEWORK_SEARCH_PATHS = (
					"$(inherited)",
					"$(PROJECT_DIR)/OHMySQL/lib/MySQL.xcframework/ios-arm64",
				);
				GENERATE_INFOPLIST_FILE = YES;
				INFOPLIST_FILE = iOS_Assignment3/Info.plist;
				INFOPLIST_KEY_UIApplicationSupportsIndirectInputEvents = YES;
				INFOPLIST_KEY_UILaunchStoryboardName = LaunchScreen;
				INFOPLIST_KEY_UIMainStoryboardFile = Main;
				INFOPLIST_KEY_UISupportedInterfaceOrientations_iPad = "UIInterfaceOrientationPortrait UIInterfaceOrientationPortraitUpsideDown UIInterfaceOrientationLandscapeLeft UIInterfaceOrientationLandscapeRight";
				INFOPLIST_KEY_UISupportedInterfaceOrientations_iPhone = "UIInterfaceOrientationPortrait UIInterfaceOrientationLandscapeLeft UIInterfaceOrientationLandscapeRight";
				LD_RUNPATH_SEARCH_PATHS = (
					"$(inherited)",
					"@executable_path/Frameworks",
				);
				MARKETING_VERSION = 1.0;
				PRODUCT_BUNDLE_IDENTIFIER = "au.edu.uts.iOS-Assignment3";
				PRODUCT_NAME = "$(TARGET_NAME)";
				SWIFT_EMIT_LOC_STRINGS = YES;
				SWIFT_VERSION = 5.0;
				TARGETED_DEVICE_FAMILY = "1,2";
			};
			name = Release;
		};
/* End XCBuildConfiguration section */

/* Begin XCConfigurationList section */
		2891089F2A07C98500173353 /* Build configuration list for PBXProject "iOS_Assignment3" */ = {
			isa = XCConfigurationList;
			buildConfigurations = (
				289108B62A07C98600173353 /* Debug */,
				289108B72A07C98600173353 /* Release */,
			);
			defaultConfigurationIsVisible = 0;
			defaultConfigurationName = Release;
		};
		289108B82A07C98600173353 /* Build configuration list for PBXNativeTarget "iOS_Assignment3" */ = {
			isa = XCConfigurationList;
			buildConfigurations = (
				289108B92A07C98600173353 /* Debug */,
				289108BA2A07C98600173353 /* Release */,
			);
			defaultConfigurationIsVisible = 0;
			defaultConfigurationName = Release;
		};
/* End XCConfigurationList section */
	};
	rootObject = 2891089C2A07C98500173353 /* Project object */;
}
